{
  "lockfileVersion": 1,
  "workspaces": {
    "": {
      "dependencies": {
        "nuemark": "^0.7.0",
        "nueyaml": "^0.1.0",
      },
    },
  },
  "packages": {
    "nue-glow": ["nue-glow@0.2.5", "", {}, "sha512-yHGMK57ZTp/7IEz74esi4dWnvXVm/e3UKxOkoKdWA6SB79jCJHECE66S8YSzOpcZf3jMp5w7DAoXHIoVil+Chw=="],

    "nuemark": ["nuemark@0.7.0", "", { "dependencies": { "nue-glow": "^0.2.0", "nueyaml": "^0.1.0" } }, "sha512-crEe6Fv6oIu8cIHdtDBNtYFb+g6lTl0LUr9eJQjZyUT2NzWqa+kuHVAs3tB5aI71+My1x0cQl2CnP8ya9f1ELA=="],

    "nueyaml": ["nueyaml@0.1.0", "", {}, "sha512-aRnM508w0jbkl415+oQrLNxU1u+E24zet0R1k40aV75jPuQKMZfIVW6eIk9i7yZ3NhgV+eIhCSsM30I09q6uvQ=="],
  }
}
